PODS:
  - Alamofire (4.6.0)
  - SwiftyJSON (4.0.0)
  - Swinject (2.1.1)
  - SwinjectStoryboard (1.1.2):
    - Swinject (~> 2.1)

DEPENDENCIES:
  - Alamofire (~> 4.5)
  - SwiftyJSON
  - Swinject (~> 2.1)
  - SwinjectStoryboard (= 1.1.2)

SPEC CHECKSUMS:
  Alamofire: f41a599bd63041760b26d393ec1069d9d7b917f4
  SwiftyJSON: 070dabdcb1beb81b247c65ffa3a79dbbfb3b48aa
  Swinject: afea49fd95f392b41171669f165842879c48fad6
  SwinjectStoryboard: 92e75763c3299cdf627bef98a5180dc894864336

PODFILE CHECKSUM: be50219f2b6be20bf94b9681d2886de98b11243f

COCOAPODS: 1.3.1
